
Microsoft Visual Studio Solution File, Format Version 12.00
# Visual Studio Version 17
VisualStudioVersion = 17.14.36623.8 d17.14
MinimumVisualStudioVersion = 10.0.40219.1
Project("{FAE04EC0-301F-11D3-BF4B-00C04F79EFBC}") = "NUnit", "NUnit\NUnit.csproj", "{366D104A-98E2-49A5-9715-DA0F2F82DFCB}"
EndProject
Global
	GlobalSection(SolutionConfigurationPlatforms) = preSolution
		Debug|Any CPU = Debug|Any CPU
		Release|Any CPU = Release|Any CPU
	EndGlobalSection
	GlobalSection(ProjectConfigurationPlatforms) = postSolution
		{366D104A-98E2-49A5-9715-DA0F2F82DFCB}.Debug|Any CPU.ActiveCfg = Debug|Any CPU
		{366D104A-98E2-49A5-9715-DA0F2F82DFCB}.Debug|Any CPU.Build.0 = Debug|Any CPU
		{366D104A-98E2-49A5-9715-DA0F2F82DFCB}.Release|Any CPU.ActiveCfg = Release|Any CPU
		{366D104A-98E2-49A5-9715-DA0F2F82DFCB}.Release|Any CPU.Build.0 = Release|Any CPU
	EndGlobalSection
	GlobalSection(SolutionProperties) = preSolution
		HideSolutionNode = FALSE
	EndGlobalSection
	GlobalSection(ExtensibilityGlobals) = postSolution
		SolutionGuid = {A5C6096B-5D76-4EFC-9B2E-6A167244AA83}
	EndGlobalSection
EndGlobal
