
Microsoft Visual Studio Solution File, Format Version 12.00
# Visual Studio Version 17
VisualStudioVersion = 17.14.36623.8 d17.14
MinimumVisualStudioVersion = 10.0.40219.1
Project("{FAE04EC0-301F-11D3-BF4B-00C04F79EFBC}") = "CA Assignment", "CA Assignment\CA Assignment.csproj", "{4BE40F95-C4EA-4808-8242-8D9D11C0BAF0}"
EndProject
Global
	GlobalSection(SolutionConfigurationPlatforms) = preSolution
		Debug|Any CPU = Debug|Any CPU
		Release|Any CPU = Release|Any CPU
	EndGlobalSection
	GlobalSection(ProjectConfigurationPlatforms) = postSolution
		{4BE40F95-C4EA-4808-8242-8D9D11C0BAF0}.Debug|Any CPU.ActiveCfg = Debug|Any CPU
		{4BE40F95-C4EA-4808-8242-8D9D11C0BAF0}.Debug|Any CPU.Build.0 = Debug|Any CPU
		{4BE40F95-C4EA-4808-8242-8D9D11C0BAF0}.Release|Any CPU.ActiveCfg = Release|Any CPU
		{4BE40F95-C4EA-4808-8242-8D9D11C0BAF0}.Release|Any CPU.Build.0 = Release|Any CPU
	EndGlobalSection
	GlobalSection(SolutionProperties) = preSolution
		HideSolutionNode = FALSE
	EndGlobalSection
	GlobalSection(ExtensibilityGlobals) = postSolution
		SolutionGuid = {3F889C75-4DA6-49E1-A054-05BE4202AD80}
	EndGlobalSection
EndGlobal
