
Microsoft Visual Studio Solution File, Format Version 12.00
# Visual Studio Version 17
VisualStudioVersion = 17.14.36623.8 d17.14
MinimumVisualStudioVersion = 10.0.40219.1
Project("{FAE04EC0-301F-11D3-BF4B-00C04F79EFBC}") = "SRP", "SRP\SRP.csproj", "{3889262C-D916-45DE-961B-BB56C6D05971}"
EndProject
Global
	GlobalSection(SolutionConfigurationPlatforms) = preSolution
		Debug|Any CPU = Debug|Any CPU
		Release|Any CPU = Release|Any CPU
	EndGlobalSection
	GlobalSection(ProjectConfigurationPlatforms) = postSolution
		{3889262C-D916-45DE-961B-BB56C6D05971}.Debug|Any CPU.ActiveCfg = Debug|Any CPU
		{3889262C-D916-45DE-961B-BB56C6D05971}.Debug|Any CPU.Build.0 = Debug|Any CPU
		{3889262C-D916-45DE-961B-BB56C6D05971}.Release|Any CPU.ActiveCfg = Release|Any CPU
		{3889262C-D916-45DE-961B-BB56C6D05971}.Release|Any CPU.Build.0 = Release|Any CPU
	EndGlobalSection
	GlobalSection(SolutionProperties) = preSolution
		HideSolutionNode = FALSE
	EndGlobalSection
	GlobalSection(ExtensibilityGlobals) = postSolution
		SolutionGuid = {8C93B555-8281-465B-9816-4D92BFAA7705}
	EndGlobalSection
EndGlobal
